
Microsoft Visual Studio Solution File, Format Version 12.00
# Visual Studio 15
VisualStudioVersion = 15.0.27004.2005
MinimumVisualStudioVersion = 10.0.40219.1
Project("{FAE04EC0-301F-11D3-BF4B-00C04F79EFBC}") = "CardGameManager", "CardGameManager\CardGameManager.csproj", "{9A19304A-7696-457D-BA1F-1A2AB0C20052}"
EndProject
Project("{FAE04EC0-301F-11D3-BF4B-00C04F79EFBC}") = "CardGameManagerTests", "CardGameManagerTests\CardGameManagerTests.csproj", "{6C211BA5-0004-40B5-BE70-0DAF7A7AB755}"
EndProject
Global
	GlobalSection(SolutionConfigurationPlatforms) = preSolution
		Debug|Any CPU = Debug|Any CPU
		Release|Any CPU = Release|Any CPU
	EndGlobalSection
	GlobalSection(ProjectConfigurationPlatforms) = postSolution
		{9A19304A-7696-457D-BA1F-1A2AB0C20052}.Debug|Any CPU.ActiveCfg = Debug|Any CPU
		{9A19304A-7696-457D-BA1F-1A2AB0C20052}.Debug|Any CPU.Build.0 = Debug|Any CPU
		{9A19304A-7696-457D-BA1F-1A2AB0C20052}.Release|Any CPU.ActiveCfg = Release|Any CPU
		{9A19304A-7696-457D-BA1F-1A2AB0C20052}.Release|Any CPU.Build.0 = Release|Any CPU
		{6C211BA5-0004-40B5-BE70-0DAF7A7AB755}.Debug|Any CPU.ActiveCfg = Debug|Any CPU
		{6C211BA5-0004-40B5-BE70-0DAF7A7AB755}.Debug|Any CPU.Build.0 = Debug|Any CPU
		{6C211BA5-0004-40B5-BE70-0DAF7A7AB755}.Release|Any CPU.ActiveCfg = Release|Any CPU
		{6C211BA5-0004-40B5-BE70-0DAF7A7AB755}.Release|Any CPU.Build.0 = Release|Any CPU
	EndGlobalSection
	GlobalSection(SolutionProperties) = preSolution
		HideSolutionNode = FALSE
	EndGlobalSection
	GlobalSection(ExtensibilityGlobals) = postSolution
		SolutionGuid = {C7A5BA28-8F5E-4B64-9B64-D19C5A85B360}
	EndGlobalSection
EndGlobal
